
Microsoft Visual Studio Solution File, Format Version 12.00
# Visual Studio Version 16
VisualStudioVersion = 16.0.31624.102
MinimumVisualStudioVersion = 10.0.40219.1
Project("{FAE04EC0-301F-11D3-BF4B-00C04F79EFBC}") = "CSharp1-3-3", "CSharp1-3-3\CSharp1-3-3.csproj", "{09726777-0B76-4038-9A6E-BBFED4D35958}"
EndProject
Global
	GlobalSection(SolutionConfigurationPlatforms) = preSolution
		Debug|Any CPU = Debug|Any CPU
		Release|Any CPU = Release|Any CPU
	EndGlobalSection
	GlobalSection(ProjectConfigurationPlatforms) = postSolution
		{09726777-0B76-4038-9A6E-BBFED4D35958}.Debug|Any CPU.ActiveCfg = Debug|Any CPU
		{09726777-0B76-4038-9A6E-BBFED4D35958}.Debug|Any CPU.Build.0 = Debug|Any CPU
		{09726777-0B76-4038-9A6E-BBFED4D35958}.Release|Any CPU.ActiveCfg = Release|Any CPU
		{09726777-0B76-4038-9A6E-BBFED4D35958}.Release|Any CPU.Build.0 = Release|Any CPU
	EndGlobalSection
	GlobalSection(SolutionProperties) = preSolution
		HideSolutionNode = FALSE
	EndGlobalSection
	GlobalSection(ExtensibilityGlobals) = postSolution
		SolutionGuid = {2E604775-E0E4-462D-813C-0626C396B7D7}
	EndGlobalSection
EndGlobal
