
Microsoft Visual Studio Solution File, Format Version 12.00
# Visual Studio Version 16
VisualStudioVersion = 16.0.31005.135
MinimumVisualStudioVersion = 10.0.40219.1
Project("{FAE04EC0-301F-11D3-BF4B-00C04F79EFBC}") = "CSharp1-1-3", "CSharp1-1-3\CSharp1-1-3.csproj", "{582A4DC5-F528-4F6D-94E5-2EEEA73089C1}"
EndProject
Global
	GlobalSection(SolutionConfigurationPlatforms) = preSolution
		Debug|Any CPU = Debug|Any CPU
		Release|Any CPU = Release|Any CPU
	EndGlobalSection
	GlobalSection(ProjectConfigurationPlatforms) = postSolution
		{582A4DC5-F528-4F6D-94E5-2EEEA73089C1}.Debug|Any CPU.ActiveCfg = Debug|Any CPU
		{582A4DC5-F528-4F6D-94E5-2EEEA73089C1}.Debug|Any CPU.Build.0 = Debug|Any CPU
		{582A4DC5-F528-4F6D-94E5-2EEEA73089C1}.Release|Any CPU.ActiveCfg = Release|Any CPU
		{582A4DC5-F528-4F6D-94E5-2EEEA73089C1}.Release|Any CPU.Build.0 = Release|Any CPU
	EndGlobalSection
	GlobalSection(SolutionProperties) = preSolution
		HideSolutionNode = FALSE
	EndGlobalSection
	GlobalSection(ExtensibilityGlobals) = postSolution
		SolutionGuid = {3B4460C9-2837-4BA2-B178-43590EE54595}
	EndGlobalSection
EndGlobal
