
Microsoft Visual Studio Solution File, Format Version 12.00
# Visual Studio 15
VisualStudioVersion = 15.0.28307.1145
MinimumVisualStudioVersion = 10.0.40219.1
Project("{FAE04EC0-301F-11D3-BF4B-00C04F79EFBC}") = "CSharp1-2-3", "CSharp1-2-3\CSharp1-2-3.csproj", "{097D4348-B0FE-4578-9BA7-BAE11B9239A6}"
EndProject
Global
	GlobalSection(SolutionConfigurationPlatforms) = preSolution
		Debug|Any CPU = Debug|Any CPU
		Release|Any CPU = Release|Any CPU
	EndGlobalSection
	GlobalSection(ProjectConfigurationPlatforms) = postSolution
		{097D4348-B0FE-4578-9BA7-BAE11B9239A6}.Debug|Any CPU.ActiveCfg = Debug|Any CPU
		{097D4348-B0FE-4578-9BA7-BAE11B9239A6}.Debug|Any CPU.Build.0 = Debug|Any CPU
		{097D4348-B0FE-4578-9BA7-BAE11B9239A6}.Release|Any CPU.ActiveCfg = Release|Any CPU
		{097D4348-B0FE-4578-9BA7-BAE11B9239A6}.Release|Any CPU.Build.0 = Release|Any CPU
	EndGlobalSection
	GlobalSection(SolutionProperties) = preSolution
		HideSolutionNode = FALSE
	EndGlobalSection
	GlobalSection(ExtensibilityGlobals) = postSolution
		SolutionGuid = {E233A87B-8A2E-4108-B656-D4923AB3E6BA}
	EndGlobalSection
EndGlobal
